
Microsoft Visual Studio Solution File, Format Version 11.00
# Visual Studio 2010
Project("{FAE04EC0-301F-11D3-BF4B-00C04F79EFBC}") = "OpenXML", "OpenXML\OpenXML.csproj", "{53BD7C61-AF29-4396-9DAA-98ED76394080}"
EndProject
Global
	GlobalSection(SolutionConfigurationPlatforms) = preSolution
		Debug|x86 = Debug|x86
		Release|x86 = Release|x86
	EndGlobalSection
	GlobalSection(ProjectConfigurationPlatforms) = postSolution
		{53BD7C61-AF29-4396-9DAA-98ED76394080}.Debug|x86.ActiveCfg = Debug|x86
		{53BD7C61-AF29-4396-9DAA-98ED76394080}.Debug|x86.Build.0 = Debug|x86
		{53BD7C61-AF29-4396-9DAA-98ED76394080}.Release|x86.ActiveCfg = Release|x86
		{53BD7C61-AF29-4396-9DAA-98ED76394080}.Release|x86.Build.0 = Release|x86
	EndGlobalSection
	GlobalSection(SolutionProperties) = preSolution
		HideSolutionNode = FALSE
	EndGlobalSection
EndGlobal
